
Microsoft Visual Studio Solution File, Format Version 12.00
# Visual Studio Version 16
VisualStudioVersion = 16.0.34114.132
MinimumVisualStudioVersion = 10.0.40219.1
Project("{FAE04EC0-301F-11D3-BF4B-00C04F79EFBC}") = "CalcLib", "CalcLib\CalcLib.csproj", "{803C7DD4-6B39-40D0-AB6B-254EDF1AB4A8}"
EndProject
Project("{FAE04EC0-301F-11D3-BF4B-00C04F79EFBC}") = "Calculator 2.0", "Calculator 2.0\Calculator 2.0.csproj", "{BF358791-8574-411F-93CC-F24DD537FF8F}"
EndProject
Global
	GlobalSection(SolutionConfigurationPlatforms) = preSolution
		Debug|Any CPU = Debug|Any CPU
		Release|Any CPU = Release|Any CPU
	EndGlobalSection
	GlobalSection(ProjectConfigurationPlatforms) = postSolution
		{803C7DD4-6B39-40D0-AB6B-254EDF1AB4A8}.Debug|Any CPU.ActiveCfg = Debug|Any CPU
		{803C7DD4-6B39-40D0-AB6B-254EDF1AB4A8}.Debug|Any CPU.Build.0 = Debug|Any CPU
		{803C7DD4-6B39-40D0-AB6B-254EDF1AB4A8}.Release|Any CPU.ActiveCfg = Release|Any CPU
		{803C7DD4-6B39-40D0-AB6B-254EDF1AB4A8}.Release|Any CPU.Build.0 = Release|Any CPU
		{BF358791-8574-411F-93CC-F24DD537FF8F}.Debug|Any CPU.ActiveCfg = Debug|Any CPU
		{BF358791-8574-411F-93CC-F24DD537FF8F}.Debug|Any CPU.Build.0 = Debug|Any CPU
		{BF358791-8574-411F-93CC-F24DD537FF8F}.Release|Any CPU.ActiveCfg = Release|Any CPU
		{BF358791-8574-411F-93CC-F24DD537FF8F}.Release|Any CPU.Build.0 = Release|Any CPU
	EndGlobalSection
	GlobalSection(SolutionProperties) = preSolution
		HideSolutionNode = FALSE
	EndGlobalSection
	GlobalSection(ExtensibilityGlobals) = postSolution
		SolutionGuid = {B158D162-00DD-479A-84D7-11CFFBB1F2A3}
	EndGlobalSection
EndGlobal
